
Microsoft Visual Studio Solution File, Format Version 12.00
# Visual Studio Version 17
VisualStudioVersion = 17.10.34916.146
MinimumVisualStudioVersion = 10.0.40219.1
Project("{FAE04EC0-301F-11D3-BF4B-00C04F79EFBC}") = "ParallelProcessing.Server", "ParallelProcessing.Server\ParallelProcessing.Server.csproj", "{79579665-36C4-4C47-9833-176B6F77BDE0}"
EndProject
Project("{54A90642-561A-4BB1-A94E-469ADEE60C69}") = "parallelprocessing.client", "parallelprocessing.client\parallelprocessing.client.esproj", "{2093C08B-0C55-4C7E-AB2D-626EFB6C3B95}"
EndProject
Global
	GlobalSection(SolutionConfigurationPlatforms) = preSolution
		Debug|Any CPU = Debug|Any CPU
		Release|Any CPU = Release|Any CPU
	EndGlobalSection
	GlobalSection(ProjectConfigurationPlatforms) = postSolution
		{79579665-36C4-4C47-9833-176B6F77BDE0}.Debug|Any CPU.ActiveCfg = Debug|Any CPU
		{79579665-36C4-4C47-9833-176B6F77BDE0}.Debug|Any CPU.Build.0 = Debug|Any CPU
		{79579665-36C4-4C47-9833-176B6F77BDE0}.Release|Any CPU.ActiveCfg = Release|Any CPU
		{79579665-36C4-4C47-9833-176B6F77BDE0}.Release|Any CPU.Build.0 = Release|Any CPU
		{2093C08B-0C55-4C7E-AB2D-626EFB6C3B95}.Debug|Any CPU.ActiveCfg = Debug|Any CPU
		{2093C08B-0C55-4C7E-AB2D-626EFB6C3B95}.Debug|Any CPU.Build.0 = Debug|Any CPU
		{2093C08B-0C55-4C7E-AB2D-626EFB6C3B95}.Debug|Any CPU.Deploy.0 = Debug|Any CPU
		{2093C08B-0C55-4C7E-AB2D-626EFB6C3B95}.Release|Any CPU.ActiveCfg = Release|Any CPU
		{2093C08B-0C55-4C7E-AB2D-626EFB6C3B95}.Release|Any CPU.Build.0 = Release|Any CPU
		{2093C08B-0C55-4C7E-AB2D-626EFB6C3B95}.Release|Any CPU.Deploy.0 = Release|Any CPU
	EndGlobalSection
	GlobalSection(SolutionProperties) = preSolution
		HideSolutionNode = FALSE
	EndGlobalSection
	GlobalSection(ExtensibilityGlobals) = postSolution
		SolutionGuid = {3141D577-3E96-45B8-B34F-7947E5FDEF3F}
	EndGlobalSection
EndGlobal
